
Microsoft Visual Studio Solution File, Format Version 12.00
# Visual Studio 15
VisualStudioVersion = 15.0.28010.2048
MinimumVisualStudioVersion = 10.0.40219.1
Project("{FAE04EC0-301F-11D3-BF4B-00C04F79EFBC}") = "EcommerceEntityFrameWorkRepositoryPattern", "EcommerceEntityFrameWorkRepositoryPattern\EcommerceEntityFrameWorkRepositoryPattern.csproj", "{FEBD138C-55BD-40DC-8BE9-A59EBA911C09}"
EndProject
Project("{FAE04EC0-301F-11D3-BF4B-00C04F79EFBC}") = "DatabaseCnX", "DatabaseCnX\DatabaseCnX.csproj", "{BF9C5EA7-EA7F-4CFC-A98F-4FCF54F37071}"
EndProject
Global
	GlobalSection(SolutionConfigurationPlatforms) = preSolution
		Debug|Any CPU = Debug|Any CPU
		Release|Any CPU = Release|Any CPU
	EndGlobalSection
	GlobalSection(ProjectConfigurationPlatforms) = postSolution
		{FEBD138C-55BD-40DC-8BE9-A59EBA911C09}.Debug|Any CPU.ActiveCfg = Debug|Any CPU
		{FEBD138C-55BD-40DC-8BE9-A59EBA911C09}.Debug|Any CPU.Build.0 = Debug|Any CPU
		{FEBD138C-55BD-40DC-8BE9-A59EBA911C09}.Release|Any CPU.ActiveCfg = Release|Any CPU
		{FEBD138C-55BD-40DC-8BE9-A59EBA911C09}.Release|Any CPU.Build.0 = Release|Any CPU
		{BF9C5EA7-EA7F-4CFC-A98F-4FCF54F37071}.Debug|Any CPU.ActiveCfg = Debug|Any CPU
		{BF9C5EA7-EA7F-4CFC-A98F-4FCF54F37071}.Debug|Any CPU.Build.0 = Debug|Any CPU
		{BF9C5EA7-EA7F-4CFC-A98F-4FCF54F37071}.Release|Any CPU.ActiveCfg = Release|Any CPU
		{BF9C5EA7-EA7F-4CFC-A98F-4FCF54F37071}.Release|Any CPU.Build.0 = Release|Any CPU
	EndGlobalSection
	GlobalSection(SolutionProperties) = preSolution
		HideSolutionNode = FALSE
	EndGlobalSection
	GlobalSection(ExtensibilityGlobals) = postSolution
		SolutionGuid = {CF365906-E3B9-4B69-9D33-FDB44B739603}
	EndGlobalSection
EndGlobal
